// !$*UTF8*$!
{
	archiveVersion = 1;
	classes = {
	};
	objectVersion = 50;
	objects = {

/* Begin PBXBuildFile section */
		BD4C116123D632E500A84FF7 /* AppDelegate.swift in Sources */ = {isa = PBXBuildFile; fileRef = BD4C116023D632E500A84FF7 /* AppDelegate.swift */; };
		BD4C116323D632E500A84FF7 /* SceneDelegate.swift in Sources */ = {isa = PBXBuildFile; fileRef = BD4C116223D632E500A84FF7 /* SceneDelegate.swift */; };
		BD4C116523D632E500A84FF7 /* ViewController.swift in Sources */ = {isa = PBXBuildFile; fileRef = BD4C116423D632E500A84FF7 /* ViewController.swift */; };
		BD4C116823D632E500A84FF7 /* Main.storyboard in Resources */ = {isa = PBXBuildFile; fileRef = BD4C116623D632E500A84FF7 /* Main.storyboard */; };
		BD4C116B23D632E500A84FF7 /* _66345_LA2.xcdatamodeld in Sources */ = {isa = PBXBuildFile; fileRef = BD4C116923D632E500A84FF7 /* _66345_LA2.xcdatamodeld */; };
		BD4C116D23D632E600A84FF7 /* Assets.xcassets in Resources */ = {isa = PBXBuildFile; fileRef = BD4C116C23D632E600A84FF7 /* Assets.xcassets */; };
		BD4C117023D632E600A84FF7 /* LaunchScreen.storyboard in Resources */ = {isa = PBXBuildFile; fileRef = BD4C116E23D632E600A84FF7 /* LaunchScreen.storyboard */; };
/* End PBXBuildFile section */

/* Begin PBXFileReference section */
		BD4C115D23D632E500A84FF7 /* 766345_LA2.app */ = {isa = PBXFileReference; explicitFileType = wrapper.application; includeInIndex = 0; path = 766345_LA2.app; sourceTree = BUILT_PRODUCTS_DIR; };
		BD4C116023D632E500A84FF7 /* AppDelegate.swift */ = {isa = PBXFileReference; lastKnownFileType = sourcecode.swift; path = AppDelegate.swift; sourceTree = "<group>"; };
		BD4C116223D632E500A84FF7 /* SceneDelegate.swift */ = {isa = PBXFileReference; lastKnownFileType = sourcecode.swift; path = SceneDelegate.swift; sourceTree = "<group>"; };
		BD4C116423D632E500A84FF7 /* ViewController.swift */ = {isa = PBXFileReference; lastKnownFileType = sourcecode.swift; path = ViewController.swift; sourceTree = "<group>"; };
		BD4C116723D632E500A84FF7 /* Base */ = {isa = PBXFileReference; lastKnownFileType = file.storyboard; name = Base; path = Base.lproj/Main.storyboard; sourceTree = "<group>"; };
		BD4C116A23D632E500A84FF7 /* _66345_LA2.xcdatamodel */ = {isa = PBXFileReference; lastKnownFileType = wrapper.xcdatamodel; path = _66345_LA2.xcdatamodel; sourceTree = "<group>"; };
		BD4C116C23D632E600A84FF7 /* Assets.xcassets */ = {isa = PBXFileReference; lastKnownFileType = folder.assetcatalog; path = Assets.xcassets; sourceTree = "<group>"; };
		BD4C116F23D632E600A84FF7 /* Base */ = {isa = PBXFileReference; lastKnownFileType = file.storyboard; name = Base; path = Base.lproj/LaunchScreen.storyboard; sourceTree = "<group>"; };
		BD4C117123D632E600A84FF7 /* Info.plist */ = {isa = PBXFileReference; lastKnownFileType = text.plist.xml; path = Info.plist; sourceTree = "<group>"; };
/* End PBXFileReference section */

/* Begin PBXFrameworksBuildPhase section */
		BD4C115A23D632E500A84FF7 /* Frameworks */ = {
			isa = PBXFrameworksBuildPhase;
			buildActionMask = 2147483647;
			files = (
			);
			runOnlyForDeploymentPostprocessing = 0;
		};
/* End PBXFrameworksBuildPhase section */

/* Begin PBXGroup section */
		BD4C115423D632E500A84FF7 = {
			isa = PBXGroup;
			children = (
				BD4C115F23D632E500A84FF7 /* 766345_LA2 */,
				BD4C115E23D632E500A84FF7 /* Products */,
			);
			sourceTree = "<group>";
		};
		BD4C115E23D632E500A84FF7 /* Products */ = {
			isa = PBXGroup;
			children = (
				BD4C115D23D632E500A84FF7 /* 766345_LA2.app */,
			);
			name = Products;
			sourceTree = "<group>";
		};
		BD4C115F23D632E500A84FF7 /* 766345_LA2 */ = {
			isa = PBXGroup;
			children = (
				BD4C116023D632E500A84FF7 /* AppDelegate.swift */,
				BD4C116223D632E500A84FF7 /* SceneDelegate.swift */,
				BD4C116423D632E500A84FF7 /* ViewController.swift */,
				BD4C116623D632E500A84FF7 /* Main.storyboard */,
				BD4C116C23D632E600A84FF7 /* Assets.xcassets */,
				BD4C116E23D632E600A84FF7 /* LaunchScreen.storyboard */,
				BD4C117123D632E600A84FF7 /* Info.plist */,
				BD4C116923D632E500A84FF7 /* _66345_LA2.xcdatamodeld */,
			);
			path = 766345_LA2;
			sourceTree = "<group>";
		};
/* End PBXGroup section */

/* Begin PBXNativeTarget section */
		BD4C115C23D632E500A84FF7 /* 766345_LA2 */ = {
			isa = PBXNativeTarget;
			buildConfigurationList = BD4C117423D632E600A84FF7 /* Build configuration list for PBXNativeTarget "766345_LA2" */;
			buildPhases = (
				BD4C115923D632E500A84FF7 /* Sources */,
				BD4C115A23D632E500A84FF7 /* Frameworks */,
				BD4C115B23D632E500A84FF7 /* Resources */,
			);
			buildRules = (
			);
			dependencies = (
			);
			name = 766345_LA2;
			productName = 766345_LA2;
			productReference = BD4C115D23D632E500A84FF7 /* 766345_LA2.app */;
			productType = "com.apple.product-type.application";
		};
/* End PBXNativeTarget section */

/* Begin PBXProject section */
		BD4C115523D632E500A84FF7 /* Project object */ = {
			isa = PBXProject;
			attributes = {
				LastSwiftUpdateCheck = 1130;
				LastUpgradeCheck = 1130;
				ORGANIZATIONNAME = "Amanpreet Kaur";
				TargetAttributes = {
					BD4C115C23D632E500A84FF7 = {
						CreatedOnToolsVersion = 11.3;
					};
				};
			};
			buildConfigurationList = BD4C115823D632E500A84FF7 /* Build configuration list for PBXProject "766345_LA2" */;
			compatibilityVersion = "Xcode 9.3";
			developmentRegion = en;
			hasScannedForEncodings = 0;
			knownRegions = (
				en,
				Base,
			);
			mainGroup = BD4C115423D632E500A84FF7;
			productRefGroup = BD4C115E23D632E500A84FF7 /* Products */;
			projectDirPath = "";
			projectRoot = "";
			targets = (
				BD4C115C23D632E500A84FF7 /* 766345_LA2 */,
			);
		};
/* End PBXProject section */

/* Begin PBXResourcesBuildPhase section */
		BD4C115B23D632E500A84FF7 /* Resources */ = {
			isa = PBXResourcesBuildPhase;
			buildActionMask = 2147483647;
			files = (
				BD4C117023D632E600A84FF7 /* LaunchScreen.storyboard in Resources */,
				BD4C116D23D632E600A84FF7 /* Assets.xcassets in Resources */,
				BD4C116823D632E500A84FF7 /* Main.storyboard in Resources */,
			);
			runOnlyForDeploymentPostprocessing = 0;
		};
/* End PBXResourcesBuildPhase section */

/* Begin PBXSourcesBuildPhase section */
		BD4C115923D632E500A84FF7 /* Sources */ = {
			isa = PBXSourcesBuildPhase;
			buildActionMask = 2147483647;
			files = (
				BD4C116B23D632E500A84FF7 /* _66345_LA2.xcdatamodeld in Sources */,
				BD4C116523D632E500A84FF7 /* ViewController.swift in Sources */,
				BD4C116123D632E500A84FF7 /* AppDelegate.swift in Sources */,
				BD4C116323D632E500A84FF7 /* SceneDelegate.swift in Sources */,
			);
			runOnlyForDeploymentPostprocessing = 0;
		};
/* End PBXSourcesBuildPhase section */

/* Begin PBXVariantGroup section */
		BD4C116623D632E500A84FF7 /* Main.storyboard */ = {
			isa = PBXVariantGroup;
			children = (
				BD4C116723D632E500A84FF7 /* Base */,
			);
			name = Main.storyboard;
			sourceTree = "<group>";
		};
		BD4C116E23D632E600A84FF7 /* LaunchScreen.storyboard */ = {
			isa = PBXVariantGroup;
			children = (
				BD4C116F23D632E600A84FF7 /* Base */,
			);
			name = LaunchScreen.storyboard;
			sourceTree = "<group>";
		};
/* End PBXVariantGroup section */

/* Begin XCBuildConfiguration section */
		BD4C117223D632E600A84FF7 /* Debug */ = {
			isa = XCBuildConfiguration;
			buildSettings = {
				ALWAYS_SEARCH_USER_PATHS = NO;
				CLANG_ANALYZER_NONNULL = YES;
				CLANG_ANALYZER_NUMBER_OBJECT_CONVERSION = YES_AGGRESSIVE;
				CLANG_CXX_LANGUAGE_STANDARD = "gnu++14";
				CLANG_CXX_LIBRARY = "libc++";
				CLANG_ENABLE_MODULES = YES;
				CLANG_ENABLE_OBJC_ARC = YES;
				CLANG_ENABLE_OBJC_WEAK = YES;
				CLANG_WARN_BLOCK_CAPTURE_AUTORELEASING = YES;
				CLANG_WARN_BOOL_CONVERSION = YES;
				CLANG_WARN_COMMA = YES;
				CLANG_WARN_CONSTANT_CONVERSION = YES;
				CLANG_WARN_DEPRECATED_OBJC_IMPLEMENTATIONS = YES;
				CLANG_WARN_DIRECT_OBJC_ISA_USAGE = YES_ERROR;
				CLANG_WARN_DOCUMENTATION_COMMENTS = YES;
				CLANG_WARN_EMPTY_BODY = YES;
				CLANG_WARN_ENUM_CONVERSION = YES;
				CLANG_WARN_INFINITE_RECURSION = YES;
				CLANG_WARN_INT_CONVERSION = YES;
				CLANG_WARN_NON_LITERAL_NULL_CONVERSION = YES;
				CLANG_WARN_OBJC_IMPLICIT_RETAIN_SELF = YES;
				CLANG_WARN_OBJC_LITERAL_CONVERSION = YES;
				CLANG_WARN_OBJC_ROOT_CLASS = YES_ERROR;
				CLANG_WARN_RANGE_LOOP_ANALYSIS = YES;
				CLANG_WARN_STRICT_PROTOTYPES = YES;
				CLANG_WARN_SUSPICIOUS_MOVE = YES;
				CLANG_WARN_UNGUARDED_AVAILABILITY = YES_AGGRESSIVE;
				CLANG_WARN_UNREACHABLE_CODE = YES;
				CLANG_WARN__DUPLICATE_METHOD_MATCH = YES;
				COPY_PHASE_STRIP = NO;
				DEBUG_INFORMATION_FORMAT = dwarf;
				ENABLE_STRICT_OBJC_MSGSEND = YES;
				ENABLE_TESTABILITY = YES;
				GCC_C_LANGUAGE_STANDARD = gnu11;
				GCC_DYNAMIC_NO_PIC = NO;
				GCC_NO_COMMON_BLOCKS = YES;
				GCC_OPTIMIZATION_LEVEL = 0;
				GCC_PREPROCESSOR_DEFINITIONS = (
					"DEBUG=1",
					"$(inherited)",
				);
				GCC_WARN_64_TO_32_BIT_CONVERSION = YES;
				GCC_WARN_ABOUT_RETURN_TYPE = YES_ERROR;
				GCC_WARN_UNDECLARED_SELECTOR = YES;
				GCC_WARN_UNINITIALIZED_AUTOS = YES_AGGRESSIVE;
				GCC_WARN_UNUSED_FUNCTION = YES;
				GCC_WARN_UNUSED_VARIABLE = YES;
				IPHONEOS_DEPLOYMENT_TARGET = 13.2;
				MTL_ENABLE_DEBUG_INFO = INCLUDE_SOURCE;
				MTL_FAST_MATH = YES;
				ONLY_ACTIVE_ARCH = YES;
				SDKROOT = iphoneos;
				SWIFT_ACTIVE_COMPILATION_CONDITIONS = DEBUG;
				SWIFT_OPTIMIZATION_LEVEL = "-Onone";
			};
			name = Debug;
		};
		BD4C117323D632E600A84FF7 /* Release */ = {
			isa = XCBuildConfiguration;
			buildSettings = {
				ALWAYS_SEARCH_USER_PATHS = NO;
				CLANG_ANALYZER_NONNULL = YES;
				CLANG_ANALYZER_NUMBER_OBJECT_CONVERSION = YES_AGGRESSIVE;
				CLANG_CXX_LANGUAGE_STANDARD = "gnu++14";
				CLANG_CXX_LIBRARY = "libc++";
				CLANG_ENABLE_MODULES = YES;
				CLANG_ENABLE_OBJC_ARC = YES;
				CLANG_ENABLE_OBJC_WEAK = YES;
				CLANG_WARN_BLOCK_CAPTURE_AUTORELEASING = YES;
				CLANG_WARN_BOOL_CONVERSION = YES;
				CLANG_WARN_COMMA = YES;
				CLANG_WARN_CONSTANT_CONVERSION = YES;
				CLANG_WARN_DEPRECATED_OBJC_IMPLEMENTATIONS = YES;
				CLANG_WARN_DIRECT_OBJC_ISA_USAGE = YES_ERROR;
				CLANG_WARN_DOCUMENTATION_COMMENTS = YES;
				CLANG_WARN_EMPTY_BODY = YES;
				CLANG_WARN_ENUM_CONVERSION = YES;
				CLANG_WARN_INFINITE_RECURSION = YES;
				CLANG_WARN_INT_CONVERSION = YES;
				CLANG_WARN_NON_LITERAL_NULL_CONVERSION = YES;
				CLANG_WARN_OBJC_IMPLICIT_RETAIN_SELF = YES;
				CLANG_WARN_OBJC_LITERAL_CONVERSION = YES;
				CLANG_WARN_OBJC_ROOT_CLASS = YES_ERROR;
				CLANG_WARN_RANGE_LOOP_ANALYSIS = YES;
				CLANG_WARN_STRICT_PROTOTYPES = YES;
				CLANG_WARN_SUSPICIOUS_MOVE = YES;
				CLANG_WARN_UNGUARDED_AVAILABILITY = YES_AGGRESSIVE;
				CLANG_WARN_UNREACHABLE_CODE = YES;
				CLANG_WARN__DUPLICATE_METHOD_MATCH = YES;
				COPY_PHASE_STRIP = NO;
				DEBUG_INFORMATION_FORMAT = "dwarf-with-dsym";
				ENABLE_NS_ASSERTIONS = NO;
				ENABLE_STRICT_OBJC_MSGSEND = YES;
				GCC_C_LANGUAGE_STANDARD = gnu11;
				GCC_NO_COMMON_BLOCKS = YES;
				GCC_WARN_64_TO_32_BIT_CONVERSION = YES;
				GCC_WARN_ABOUT_RETURN_TYPE = YES_ERROR;
				GCC_WARN_UNDECLARED_SELECTOR = YES;
				GCC_WARN_UNINITIALIZED_AUTOS = YES_AGGRESSIVE;
				GCC_WARN_UNUSED_FUNCTION = YES;
				GCC_WARN_UNUSED_VARIABLE = YES;
				IPHONEOS_DEPLOYMENT_TARGET = 13.2;
				MTL_ENABLE_DEBUG_INFO = NO;
				MTL_FAST_MATH = YES;
				SDKROOT = iphoneos;
				SWIFT_COMPILATION_MODE = wholemodule;
				SWIFT_OPTIMIZATION_LEVEL = "-O";
				VALIDATE_PRODUCT = YES;
			};
			name = Release;
		};
		BD4C117523D632E600A84FF7 /* Debug */ = {
			isa = XCBuildConfiguration;
			buildSettings = {
				ASSETCATALOG_COMPILER_APPICON_NAME = AppIcon;
				CODE_SIGN_STYLE = Automatic;
				DEVELOPMENT_TEAM = 8UH4W8TUP6;
				INFOPLIST_FILE = 766345_LA2/Info.plist;
				LD_RUNPATH_SEARCH_PATHS = (
					"$(inherited)",
					"@executable_path/Frameworks",
				);
				PRODUCT_BUNDLE_IDENTIFIER = "Aman.-66345-LA2";
				PRODUCT_NAME = "$(TARGET_NAME)";
				SWIFT_VERSION = 5.0;
				TARGETED_DEVICE_FAMILY = "1,2";
			};
			name = Debug;
		};
		BD4C117623D632E600A84FF7 /* Release */ = {
			isa = XCBuildConfiguration;
			buildSettings = {
				ASSETCATALOG_COMPILER_APPICON_NAME = AppIcon;
				CODE_SIGN_STYLE = Automatic;
				DEVELOPMENT_TEAM = 8UH4W8TUP6;
				INFOPLIST_FILE = 766345_LA2/Info.plist;
				LD_RUNPATH_SEARCH_PATHS = (
					"$(inherited)",
					"@executable_path/Frameworks",
				);
				PRODUCT_BUNDLE_IDENTIFIER = "Aman.-66345-LA2";
				PRODUCT_NAME = "$(TARGET_NAME)";
				SWIFT_VERSION = 5.0;
				TARGETED_DEVICE_FAMILY = "1,2";
			};
			name = Release;
		};
/* End XCBuildConfiguration section */

/* Begin XCConfigurationList section */
		BD4C115823D632E500A84FF7 /* Build configuration list for PBXProject "766345_LA2" */ = {
			isa = XCConfigurationList;
			buildConfigurations = (
				BD4C117223D632E600A84FF7 /* Debug */,
				BD4C117323D632E600A84FF7 /* Release */,
			);
			defaultConfigurationIsVisible = 0;
			defaultConfigurationName = Release;
		};
		BD4C117423D632E600A84FF7 /* Build configuration list for PBXNativeTarget "766345_LA2" */ = {
			isa = XCConfigurationList;
			buildConfigurations = (
				BD4C117523D632E600A84FF7 /* Debug */,
				BD4C117623D632E600A84FF7 /* Release */,
			);
			defaultConfigurationIsVisible = 0;
			defaultConfigurationName = Release;
		};
/* End XCConfigurationList section */

/* Begin XCVersionGroup section */
		BD4C116923D632E500A84FF7 /* _66345_LA2.xcdatamodeld */ = {
			isa = XCVersionGroup;
			children = (
				BD4C116A23D632E500A84FF7 /* _66345_LA2.xcdatamodel */,
			);
			currentVersion = BD4C116A23D632E500A84FF7 /* _66345_LA2.xcdatamodel */;
			path = _66345_LA2.xcdatamodeld;
			sourceTree = "<group>";
			versionGroupType = wrapper.xcdatamodel;
		};
/* End XCVersionGroup section */
	};
	rootObject = BD4C115523D632E500A84FF7 /* Project object */;
}
